{
  "requires": true,
  "lockfileVersion": 1,
  "dependencies": {
    "@progress/kendo-popup-common": {
      "version": "1.8.0",
      "resolved": "https://registry.npmjs.org/@progress/kendo-popup-common/-/kendo-popup-common-1.8.0.tgz",
      "integrity": "sha512-/cu0nV+3tHKPEE/bUbJTJHv6t8BMYpwI3uVOYENASYy+ZK1dlOfuRhdpSGH85glAH6NMtr/5pYOPojuXFFz/8A=="
    },
    "@progress/kendo-react-buttons": {
      "version": "4.6.0",
      "resolved": "https://registry.npmjs.org/@progress/kendo-react-buttons/-/kendo-react-buttons-4.6.0.tgz",
      "integrity": "sha512-8FucWMQ7+D1ETf/HHm/q/6cw180Y8MHIfeFjpd1nebnvtdB89rCM2ruFBXYYOJq+HT4VQ3/PCvFJ3kHMQp5Hog==",
      "requires": {
        "@progress/kendo-react-common": "4.6.0",
        "@progress/kendo-react-popup": "4.6.0",
        "prop-types": "^15.6.0"
      }
    },
    "@progress/kendo-react-common": {
      "version": "4.6.0",
      "resolved": "https://registry.npmjs.org/@progress/kendo-react-common/-/kendo-react-common-4.6.0.tgz",
      "integrity": "sha512-qB7p/GNJaXMecs/qEH+OzeIwJf0NoRNh3CzmQyyurSwvIiV79gpkSxdnxzTr30xWVm525Nvj3ZemJbT4nu8r9w==",
      "requires": {
        "@telerik/kendo-draggable": "^2.2.1",
        "prop-types": "^15.6.0"
      }
    },
    "@progress/kendo-react-popup": {
      "version": "4.6.0",
      "resolved": "https://registry.npmjs.org/@progress/kendo-react-popup/-/kendo-react-popup-4.6.0.tgz",
      "integrity": "sha512-EmX8C07z+I1X62De0osykUoO2oEsdnUvshy7J2Cp3pDxpbfc+MxzPUkzDAiuS6liDrFLeBomkDHklSdrjr3LGg==",
      "requires": {
        "@progress/kendo-popup-common": "^1.2.2",
        "@progress/kendo-react-common": "4.6.0",
        "prop-types": "^15.6.0"
      }
    },
    "@telerik/kendo-draggable": {
      "version": "2.2.1",
      "resolved": "https://registry.npmjs.org/@telerik/kendo-draggable/-/kendo-draggable-2.2.1.tgz",
      "integrity": "sha512-qmuRJnjByOIjSKi0BKYK7fJ/+ITgL0aumc4IRIEwiYAQgDJWumuSpAOp2p8ctIWzP0JfEUmITs6ziJaoyKIYwQ=="
    },
    "dotenv": {
      "version": "10.0.0",
      "resolved": "https://registry.npmjs.org/dotenv/-/dotenv-10.0.0.tgz",
      "integrity": "sha512-rlBi9d8jpv9Sf1klPjNfFAuWDjKLwTIJJ/VxtoTwIR6hnZxcEOQCZg2oIL3MWBYw5GpUDKOEnND7LXTbIpQ03Q=="
    },
    "js-tokens": {
      "version": "4.0.0",
      "resolved": "https://registry.npmjs.org/js-tokens/-/js-tokens-4.0.0.tgz",
      "integrity": "sha512-RdJUflcE3cUzKiMqQgsCu06FPu9UdIJO0beYbPhHN4k6apgJtifcoCtT9bcxOpYBtpD2kCM6Sbzg4CausW/PKQ=="
    },
    "loose-envify": {
      "version": "1.4.0",
      "resolved": "https://registry.npmjs.org/loose-envify/-/loose-envify-1.4.0.tgz",
      "integrity": "sha512-lyuxPGr/Wfhrlem2CL/UcnUc1zcqKAImBDzukY7Y5F/yQiNdko6+fRLevlw1HgMySw7f611UIY408EtxRSoK3Q==",
      "requires": {
        "js-tokens": "^3.0.0 || ^4.0.0"
      }
    },
    "object-assign": {
      "version": "4.1.1",
      "resolved": "https://registry.npmjs.org/object-assign/-/object-assign-4.1.1.tgz",
      "integrity": "sha1-IQmtx5ZYh8/AXLvUQsrIv7s2CGM="
    },
    "prop-types": {
      "version": "15.7.2",
      "resolved": "https://registry.npmjs.org/prop-types/-/prop-types-15.7.2.tgz",
      "integrity": "sha512-8QQikdH7//R2vurIJSutZ1smHYTcLpRWEOlHnzcWHmBYrOGUysKwSsrC89BCiFj3CbrfJ/nXFdJepOVrY1GCHQ==",
      "requires": {
        "loose-envify": "^1.4.0",
        "object-assign": "^4.1.1",
        "react-is": "^16.8.1"
      }
    },
    "react-is": {
      "version": "16.13.1",
      "resolved": "https://registry.npmjs.org/react-is/-/react-is-16.13.1.tgz",
      "integrity": "sha512-24e6ynE2H+OKt4kqsOvNd8kBpV65zoxbA4BVsEOB3ARVWQki/DHzaUoC5KuON/BiccDaCCTZBuOcfZs70kR8bQ=="
    }
  }
}
